
Microsoft Visual Studio Solution File, Format Version 12.00
# Visual Studio 15
VisualStudioVersion = 15.0.28010.2046
MinimumVisualStudioVersion = 10.0.40219.1
Project("{FAE04EC0-301F-11D3-BF4B-00C04F79EFBC}") = "Vidly", "Vidly\Vidly.csproj", "{FD1A1B46-BF04-4A3D-BBE3-210245E527AA}"
EndProject
Global
	GlobalSection(SolutionConfigurationPlatforms) = preSolution
		Debug|Any CPU = Debug|Any CPU
		Release|Any CPU = Release|Any CPU
	EndGlobalSection
	GlobalSection(ProjectConfigurationPlatforms) = postSolution
		{FD1A1B46-BF04-4A3D-BBE3-210245E527AA}.Debug|Any CPU.ActiveCfg = Debug|Any CPU
		{FD1A1B46-BF04-4A3D-BBE3-210245E527AA}.Debug|Any CPU.Build.0 = Debug|Any CPU
		{FD1A1B46-BF04-4A3D-BBE3-210245E527AA}.Release|Any CPU.ActiveCfg = Release|Any CPU
		{FD1A1B46-BF04-4A3D-BBE3-210245E527AA}.Release|Any CPU.Build.0 = Release|Any CPU
	EndGlobalSection
	GlobalSection(SolutionProperties) = preSolution
		HideSolutionNode = FALSE
	EndGlobalSection
	GlobalSection(ExtensibilityGlobals) = postSolution
		SolutionGuid = {C461ACC4-DADA-43D6-87E3-A57BAEFAD00D}
	EndGlobalSection
EndGlobal
